# This file is automatically @generated by Cargo.
# It is not intended for manual editing.
[[package]]
name = "lenovo-wake-up"
version = "0.1.0"
dependencies = [
 "wake-on-lan",
]

[[package]]
name = "wake-on-lan"
version = "0.2.0"
source = "registry+https://github.com/rust-lang/crates.io-index"
checksum = "1ccf60b60ad7e5b1b37372c5134cbcab4db0706c231d212e0c643a077462bc8f"
